
Microsoft Visual Studio Solution File, Format Version 12.00
# Visual Studio 15
VisualStudioVersion = 15.0.28010.2050
MinimumVisualStudioVersion = 10.0.40219.1
Project("{FAE04EC0-301F-11D3-BF4B-00C04F79EFBC}") = "CST117_SandieCruz_Exercise1", "CST117_SandieCruz_Exercise1\CST117_SandieCruz_Exercise1.csproj", "{D7436C72-1727-4FF8-94D9-B3F467A9DFD1}"
EndProject
Global
	GlobalSection(SolutionConfigurationPlatforms) = preSolution
		Debug|Any CPU = Debug|Any CPU
		Release|Any CPU = Release|Any CPU
	EndGlobalSection
	GlobalSection(ProjectConfigurationPlatforms) = postSolution
		{D7436C72-1727-4FF8-94D9-B3F467A9DFD1}.Debug|Any CPU.ActiveCfg = Debug|Any CPU
		{D7436C72-1727-4FF8-94D9-B3F467A9DFD1}.Debug|Any CPU.Build.0 = Debug|Any CPU
		{D7436C72-1727-4FF8-94D9-B3F467A9DFD1}.Release|Any CPU.ActiveCfg = Release|Any CPU
		{D7436C72-1727-4FF8-94D9-B3F467A9DFD1}.Release|Any CPU.Build.0 = Release|Any CPU
	EndGlobalSection
	GlobalSection(SolutionProperties) = preSolution
		HideSolutionNode = FALSE
	EndGlobalSection
	GlobalSection(ExtensibilityGlobals) = postSolution
		SolutionGuid = {8F08F976-4BB5-4CF5-BEF3-666141614D9F}
	EndGlobalSection
EndGlobal
